{
  "nodes": {
    "nixpkgs": {
      "locked": {
        "lastModified": 1718160348,
        "narHash": "sha256-9YrUjdztqi4Gz8n3mBuqvCkMo4ojrA6nASwyIKWMpus=",
        "owner": "NixOS",
        "repo": "nixpkgs",
        "rev": "57d6973abba7ea108bac64ae7629e7431e0199b6",
        "type": "github"
      },
      "original": {
        "id": "nixpkgs",
        "ref": "nixos-unstable",
        "type": "indirect"
      }
    },
    "nixpkgs_2": {
      "locked": {
        "lastModified": 1718160348,
        "narHash": "sha256-9YrUjdztqi4Gz8n3mBuqvCkMo4ojrA6nASwyIKWMpus=",
        "owner": "NixOS",
        "repo": "nixpkgs",
        "rev": "57d6973abba7ea108bac64ae7629e7431e0199b6",
        "type": "github"
      },
      "original": {
        "id": "nixpkgs",
        "type": "indirect"
      }
    },
    "python-dev": {
      "inputs": {
        "nixpkgs": "nixpkgs_2"
      },
      "locked": {
        "lastModified": 1718390597,
        "narHash": "sha256-5uSE59iqfpHSMqWdNkmRexO/wA7L/NK6UHbrB4o+Po8=",
        "ref": "refs/heads/master",
        "rev": "2871b96b6535c7ab168ac9283457851d5220ba17",
        "revCount": 1,
        "type": "git",
        "url": "http://git/mkpkgs/python-dev.git"
      },
      "original": {
        "type": "git",
        "url": "http://git/mkpkgs/python-dev.git"
      }
    },
    "root": {
      "inputs": {
        "nixpkgs": "nixpkgs",
        "python-dev": "python-dev"
      }
    }
  },
  "root": "root",
  "version": 7
}
