{
  "nodes": {
    "dev": {
      "inputs": {
        "nixpkgs": "nixpkgs"
      },
      "locked": {
        "lastModified": 1718916099,
        "narHash": "sha256-OUieD+oTGUMOHkXByxyaNzJ4Pav+bXMF3PRiSVQ7CDU=",
        "ref": "refs/heads/master",
        "rev": "499a693e2cdf4c78caffc0cd17b2784aa1e9ef89",
        "revCount": 6,
        "type": "git",
        "url": "http://git/mkpkgs/dev/dev.git"
      },
      "original": {
        "type": "git",
        "url": "http://git/mkpkgs/dev/dev.git"
      }
    },
    "nixpkgs": {
      "locked": {
        "lastModified": 1718160348,
        "narHash": "sha256-9YrUjdztqi4Gz8n3mBuqvCkMo4ojrA6nASwyIKWMpus=",
        "owner": "NixOS",
        "repo": "nixpkgs",
        "rev": "57d6973abba7ea108bac64ae7629e7431e0199b6",
        "type": "github"
      },
      "original": {
        "id": "nixpkgs",
        "type": "indirect"
      }
    },
    "nixpkgs_2": {
      "locked": {
        "lastModified": 1718160348,
        "narHash": "sha256-9YrUjdztqi4Gz8n3mBuqvCkMo4ojrA6nASwyIKWMpus=",
        "owner": "NixOS",
        "repo": "nixpkgs",
        "rev": "57d6973abba7ea108bac64ae7629e7431e0199b6",
        "type": "github"
      },
      "original": {
        "id": "nixpkgs",
        "ref": "nixos-unstable",
        "type": "indirect"
      }
    },
    "root": {
      "inputs": {
        "dev": "dev",
        "nixpkgs": "nixpkgs_2"
      }
    }
  },
  "root": "root",
  "version": 7
}
