{
  "nodes": {
    "dev": {
      "inputs": {
        "nixpkgs": "nixpkgs"
      },
      "locked": {
        "lastModified": 1718916099,
        "narHash": "sha256-OUieD+oTGUMOHkXByxyaNzJ4Pav+bXMF3PRiSVQ7CDU=",
        "owner": "fmahnke",
        "repo": "mkpkgs-dev",
        "rev": "499a693e2cdf4c78caffc0cd17b2784aa1e9ef89",
        "type": "github"
      },
      "original": {
        "owner": "fmahnke",
        "repo": "mkpkgs-dev",
        "type": "github"
      }
    },
    "mk_build": {
      "inputs": {
        "nixpkgs": "nixpkgs_2"
      },
      "locked": {
        "lastModified": 1720220470,
        "narHash": "sha256-vK/ZaQBGi5FSn2/QawVsle7CtJuKx3VaCwQ51CnrUww=",
        "owner": "fmahnke",
        "repo": "mk_build",
        "rev": "78aa3778754f486411628a9dbaa4015f181f57ff",
        "type": "github"
      },
      "original": {
        "owner": "fmahnke",
        "ref": "develop",
        "repo": "mk_build",
        "type": "github"
      }
    },
    "nixpkgs": {
      "locked": {
        "lastModified": 1718160348,
        "narHash": "sha256-9YrUjdztqi4Gz8n3mBuqvCkMo4ojrA6nASwyIKWMpus=",
        "owner": "NixOS",
        "repo": "nixpkgs",
        "rev": "57d6973abba7ea108bac64ae7629e7431e0199b6",
        "type": "github"
      },
      "original": {
        "id": "nixpkgs",
        "type": "indirect"
      }
    },
    "nixpkgs_2": {
      "locked": {
        "lastModified": 1719848872,
        "narHash": "sha256-H3+EC5cYuq+gQW8y0lSrrDZfH71LB4DAf+TDFyvwCNA=",
        "owner": "NixOS",
        "repo": "nixpkgs",
        "rev": "00d80d13810dbfea8ab4ed1009b09100cca86ba8",
        "type": "github"
      },
      "original": {
        "id": "nixpkgs",
        "ref": "nixos-unstable",
        "type": "indirect"
      }
    },
    "nixpkgs_3": {
      "locked": {
        "lastModified": 1719848872,
        "narHash": "sha256-H3+EC5cYuq+gQW8y0lSrrDZfH71LB4DAf+TDFyvwCNA=",
        "owner": "NixOS",
        "repo": "nixpkgs",
        "rev": "00d80d13810dbfea8ab4ed1009b09100cca86ba8",
        "type": "github"
      },
      "original": {
        "id": "nixpkgs",
        "ref": "nixos-unstable",
        "type": "indirect"
      }
    },
    "root": {
      "inputs": {
        "dev": "dev",
        "mk_build": "mk_build",
        "nixpkgs": "nixpkgs_3"
      }
    }
  },
  "root": "root",
  "version": 7
}
